[{<<"emark">>,
  {git,"https://github.com/spawnfest/emark.git",
       {ref,"e2315028ff3826cfca1ed281d28d40ceeb7e1126"}},
  0},
 {<<"erlando">>,
  {git,"https://github.com/travelping/erlando.git",
       {ref,"299f10947d15a1b7f3eafe5632b88ce05a64e09c"}},
  0},
 {<<"gin">>,
  {git,"https://github.com/mad-cocktail/gin.git",
       {ref,"48fe4953d7e5453eba4de9368434a095a44bbe5d"}},
  0},
 {<<"lists2">>,
  {git,"https://github.com/arcusfelis/lists2.git",
       {ref,"6be015c658d8920f9a7eaa10b49f6e737e34ae28"}},
  0},
 {<<"mead">>,
  {git,"https://github.com/mad-cocktail/mead.git",
       {ref,"5bb311b87db133e876a6efb7f8f5c84c881e0b09"}},
  0},
 {<<"parse_trans">>,
  {git,"https://github.com/uwiger/parse_trans.git",
       {ref,"d443908e0a8e3842c4763cefd4b37457b892c121"}},
  1},
 {<<"pmod_transform">>,
  {git,"https://github.com/erlang/pmod_transform.git",
       {ref,"f96b8b572395581d58fe3dd7c3e61f3f0e8fa6dc"}},
  1},
 {<<"poolboy">>,
  {git,"https://github.com/devinus/poolboy.git",
       {ref,"9212a8770edb149ee7ca0bca353855e215f7cba5"}},
  0},
 {<<"proper">>,
  {git,"https://github.com/manopapad/proper.git",
       {ref,"7736b3fecd0afe7e869a64c2af78d89343226ec6"}},
  0},
 {<<"seqbind">>,
  {git,"https://github.com/lpgauth/seqbind.git",
       {ref,"3a4b3443ffd8f1aee19b1eb525ef1635f4760cac"}},
  0}].
