[{<<"emark">>,
  {git,"git://github.com/spawnfest/emark.git",
       {ref,"e2315028ff3826cfca1ed281d28d40ceeb7e1126"}},
  0},
 {<<"erlando">>,
  {git,"git://github.com/travelping/erlando.git",
       {ref,"b61948d0a377d0f02d2a70d93a4e31feca6e95d9"}},
  0},
 {<<"gin">>,
  {git,"git://github.com/mad-cocktail/gin.git",
       {ref,"48fe4953d7e5453eba4de9368434a095a44bbe5d"}},
  0},
 {<<"lists2">>,
  {git,"git://github.com/arcusfelis/lists2.git",
       {ref,"6be015c658d8920f9a7eaa10b49f6e737e34ae28"}},
  0},
 {<<"mead">>,
  {git,"git://github.com/mad-cocktail/mead.git",
       {ref,"5bb311b87db133e876a6efb7f8f5c84c881e0b09"}},
  0},
 {<<"parse_trans">>,
  {git,"https://github.com/uwiger/parse_trans.git",
       {ref,"d443908e0a8e3842c4763cefd4b37457b892c121"}},
  1},
 {<<"pmod_transform">>,
  {git,"git://github.com/erlang/pmod_transform.git",
       {ref,"f96b8b572395581d58fe3dd7c3e61f3f0e8fa6dc"}},
  1},
 {<<"poolboy">>,
  {git,"git://github.com/devinus/poolboy.git",
       {ref,"9212a8770edb149ee7ca0bca353855e215f7cba5"}},
  0},
 {<<"proper">>,
  {git,"git://github.com/manopapad/proper.git",
       {ref,"7736b3fecd0afe7e869a64c2af78d89343226ec6"}},
  0},
 {<<"rebar_xapian_plugin">>,
  {git,"git://github.com/arcusfelis/rebar_xapian_plugin.git",
       {ref,"6e35c4aac6bae5f6faaff85d5ff5f1e159102d3f"}},
  0},
 {<<"seqbind">>,
  {git,"git://github.com/lpgauth/seqbind.git",
       {ref,"3a4b3443ffd8f1aee19b1eb525ef1635f4760cac"}},
  0}].
